{
  "name": "conversion-rescue",
  "version": "0.1.0",
  "lockfileVersion": 3,
  "requires": true,
  "packages": {
    "": {
      "name": "conversion-rescue",
      "version": "0.1.0",
      "dependencies": {
        "better-sqlite3": "file:vendor/better-sqlite3",
        "express": "file:vendor/express"
      },
      "engines": {
        "node": ">=18"
      }
    },
    "node_modules/better-sqlite3": {
      "resolved": "vendor/better-sqlite3",
      "link": true
    },
    "node_modules/express": {
      "resolved": "vendor/express",
      "link": true
    },
    "vendor/better-sqlite3": {
      "version": "0.0.0-local"
    },
    "vendor/express": {
      "version": "0.0.0-local"
    }
  }
}
